
Microsoft Visual Studio Solution File, Format Version 12.00
# Visual Studio Version 17
VisualStudioVersion = 17.6.33712.159
MinimumVisualStudioVersion = 10.0.40219.1
Project("{9A19103F-16F7-4668-BE54-9A1E7A4F7556}") = "Exceptions", "Exceptions.csproj", "{15873151-0976-4958-873B-C44C6B278B9A}"
EndProject
Project("{FAE04EC0-301F-11D3-BF4B-00C04F79EFBC}") = "PersonAge", "..\PersonAge\PersonAge.csproj", "{D16CDA52-A494-4F74-928B-AA22FFC863F8}"
EndProject
Global
	GlobalSection(SolutionConfigurationPlatforms) = preSolution
		Debug|Any CPU = Debug|Any CPU
		Release|Any CPU = Release|Any CPU
	EndGlobalSection
	GlobalSection(ProjectConfigurationPlatforms) = postSolution
		{15873151-0976-4958-873B-C44C6B278B9A}.Debug|Any CPU.ActiveCfg = Debug|Any CPU
		{15873151-0976-4958-873B-C44C6B278B9A}.Debug|Any CPU.Build.0 = Debug|Any CPU
		{15873151-0976-4958-873B-C44C6B278B9A}.Release|Any CPU.ActiveCfg = Release|Any CPU
		{15873151-0976-4958-873B-C44C6B278B9A}.Release|Any CPU.Build.0 = Release|Any CPU
		{D16CDA52-A494-4F74-928B-AA22FFC863F8}.Debug|Any CPU.ActiveCfg = Debug|Any CPU
		{D16CDA52-A494-4F74-928B-AA22FFC863F8}.Debug|Any CPU.Build.0 = Debug|Any CPU
		{D16CDA52-A494-4F74-928B-AA22FFC863F8}.Release|Any CPU.ActiveCfg = Release|Any CPU
		{D16CDA52-A494-4F74-928B-AA22FFC863F8}.Release|Any CPU.Build.0 = Release|Any CPU
	EndGlobalSection
	GlobalSection(SolutionProperties) = preSolution
		HideSolutionNode = FALSE
	EndGlobalSection
	GlobalSection(ExtensibilityGlobals) = postSolution
		SolutionGuid = {AF5983B4-4968-4B02-9203-4E04F598D053}
	EndGlobalSection
EndGlobal
